
Microsoft Visual Studio Solution File, Format Version 12.00
# Visual Studio Version 17
VisualStudioVersion = 17.0.32112.339
MinimumVisualStudioVersion = 10.0.40219.1
Project("{FAE04EC0-301F-11D3-BF4B-00C04F79EFBC}") = "AcademiadoProgramadorListadeExercicios5.ConsoleApp", "AcademiadoProgramadorListadeExercicios5.ConsoleApp\AcademiadoProgramadorListadeExercicios5.ConsoleApp.csproj", "{472FF993-78DD-42CD-A983-D2075BD46D76}"
EndProject
Global
	GlobalSection(SolutionConfigurationPlatforms) = preSolution
		Debug|Any CPU = Debug|Any CPU
		Release|Any CPU = Release|Any CPU
	EndGlobalSection
	GlobalSection(ProjectConfigurationPlatforms) = postSolution
		{472FF993-78DD-42CD-A983-D2075BD46D76}.Debug|Any CPU.ActiveCfg = Debug|Any CPU
		{472FF993-78DD-42CD-A983-D2075BD46D76}.Debug|Any CPU.Build.0 = Debug|Any CPU
		{472FF993-78DD-42CD-A983-D2075BD46D76}.Release|Any CPU.ActiveCfg = Release|Any CPU
		{472FF993-78DD-42CD-A983-D2075BD46D76}.Release|Any CPU.Build.0 = Release|Any CPU
	EndGlobalSection
	GlobalSection(SolutionProperties) = preSolution
		HideSolutionNode = FALSE
	EndGlobalSection
	GlobalSection(ExtensibilityGlobals) = postSolution
		SolutionGuid = {611A4A88-AA0C-4C12-B740-FC5BEFE5B834}
	EndGlobalSection
EndGlobal
